PODS:
  - AFNetworking (2.2.3):
    - AFNetworking/NSURLConnection
    - AFNetworking/NSURLSession
    - AFNetworking/Reachability
    - AFNetworking/Security
    - AFNetworking/Serialization
    - AFNetworking/UIKit
  - AFNetworking/NSURLConnection (2.2.3):
    - AFNetworking/Reachability
    - AFNetworking/Security
    - AFNetworking/Serialization
  - AFNetworking/NSURLSession (2.2.3):
    - AFNetworking/NSURLConnection
  - AFNetworking/Reachability (2.2.3)
  - AFNetworking/Security (2.2.3)
  - AFNetworking/Serialization (2.2.3)
  - AFNetworking/UIKit (2.2.3):
    - AFNetworking/NSURLConnection
    - AFNetworking/NSURLSession
  - CorePlot (1.5.1)
  - FontasticIcons (0.5.0)
  - JCStockGraph (0.1.0):
    - AFNetworking (~> 2.0)
    - CorePlot (~> 1.5)
    - FontasticIcons (~> 0.5)
    - MBProgressHUD (~> 0.8)
    - MTDates (~> 0.12)
  - MBProgressHUD (0.8)
  - MTDates (0.12.0)

DEPENDENCIES:
  - JCStockGraph (from `../`)

EXTERNAL SOURCES:
  JCStockGraph:
    :path: ../

SPEC CHECKSUMS:
  AFNetworking: ae513199cca79e9d7af2708ccabe2ed075550c42
  CorePlot: 7b55ddfce42eb93051c0f9edba927fd246831f6d
  FontasticIcons: 98134b5470a11ebda5a510347bab786121e1b0b9
  JCStockGraph: 8a48164abb1e4447cbd3cc1b39b13d10401aaa15
  MBProgressHUD: 2bbc6f470111daf7f3eaa4eb12b8cbf01c4c0622
  MTDates: 35559d631eb9f0225446f3ac57a34f816d155bf3

COCOAPODS: 0.32.1
